
Microsoft Visual Studio Solution File, Format Version 12.00
# Visual Studio Version 17
VisualStudioVersion = 17.2.32526.322
MinimumVisualStudioVersion = 10.0.40219.1
Project("{FAE04EC0-301F-11D3-BF4B-00C04F79EFBC}") = "RLTrading", "RLTrading.csproj", "{D009C4D0-1873-44A0-9F57-1C804A0D32A1}"
EndProject
Project("{C7167F0D-BC9F-4E6E-AFE1-012C56B48DB5}") = "RLTrading Installer", "..\RLTrading Installer\RLTrading Installer.wapproj", "{36A04FDA-9045-40E3-A9D1-D470CFF920C5}"
EndProject
Project("{FAE04EC0-301F-11D3-BF4B-00C04F79EFBC}") = "RLTrading.Tests", "..\RLTrading.Tests\RLTrading.Tests.csproj", "{87E839FC-BEB1-4418-BFE8-D0587E25CDFD}"
EndProject
Project("{2150E333-8FDC-42A3-9474-1A3956D46DE8}") = "Solution Items", "Solution Items", "{B2975E61-5DA8-4209-B2EA-FDF0A58EFCDA}"
	ProjectSection(SolutionItems) = preProject
		.editorconfig = .editorconfig
	EndProjectSection
EndProject
Global
	GlobalSection(SolutionConfigurationPlatforms) = preSolution
		Debug|Any CPU = Debug|Any CPU
		Debug|ARM = Debug|ARM
		Debug|ARM64 = Debug|ARM64
		Debug|x64 = Debug|x64
		Debug|x86 = Debug|x86
		Release|Any CPU = Release|Any CPU
		Release|ARM = Release|ARM
		Release|ARM64 = Release|ARM64
		Release|x64 = Release|x64
		Release|x86 = Release|x86
	EndGlobalSection
	GlobalSection(ProjectConfigurationPlatforms) = postSolution
		{D009C4D0-1873-44A0-9F57-1C804A0D32A1}.Debug|Any CPU.ActiveCfg = Debug|Any CPU
		{D009C4D0-1873-44A0-9F57-1C804A0D32A1}.Debug|Any CPU.Build.0 = Debug|Any CPU
		{D009C4D0-1873-44A0-9F57-1C804A0D32A1}.Debug|ARM.ActiveCfg = Debug|Any CPU
		{D009C4D0-1873-44A0-9F57-1C804A0D32A1}.Debug|ARM.Build.0 = Debug|Any CPU
		{D009C4D0-1873-44A0-9F57-1C804A0D32A1}.Debug|ARM64.ActiveCfg = Debug|Any CPU
		{D009C4D0-1873-44A0-9F57-1C804A0D32A1}.Debug|ARM64.Build.0 = Debug|Any CPU
		{D009C4D0-1873-44A0-9F57-1C804A0D32A1}.Debug|x64.ActiveCfg = Debug|Any CPU
		{D009C4D0-1873-44A0-9F57-1C804A0D32A1}.Debug|x64.Build.0 = Debug|Any CPU
		{D009C4D0-1873-44A0-9F57-1C804A0D32A1}.Debug|x86.ActiveCfg = Debug|Any CPU
		{D009C4D0-1873-44A0-9F57-1C804A0D32A1}.Debug|x86.Build.0 = Debug|Any CPU
		{D009C4D0-1873-44A0-9F57-1C804A0D32A1}.Release|Any CPU.ActiveCfg = Release|Any CPU
		{D009C4D0-1873-44A0-9F57-1C804A0D32A1}.Release|Any CPU.Build.0 = Release|Any CPU
		{D009C4D0-1873-44A0-9F57-1C804A0D32A1}.Release|ARM.ActiveCfg = Release|Any CPU
		{D009C4D0-1873-44A0-9F57-1C804A0D32A1}.Release|ARM.Build.0 = Release|Any CPU
		{D009C4D0-1873-44A0-9F57-1C804A0D32A1}.Release|ARM64.ActiveCfg = Release|Any CPU
		{D009C4D0-1873-44A0-9F57-1C804A0D32A1}.Release|ARM64.Build.0 = Release|Any CPU
		{D009C4D0-1873-44A0-9F57-1C804A0D32A1}.Release|x64.ActiveCfg = Release|x64
		{D009C4D0-1873-44A0-9F57-1C804A0D32A1}.Release|x64.Build.0 = Release|x64
		{D009C4D0-1873-44A0-9F57-1C804A0D32A1}.Release|x86.ActiveCfg = Release|x86
		{D009C4D0-1873-44A0-9F57-1C804A0D32A1}.Release|x86.Build.0 = Release|x86
		{36A04FDA-9045-40E3-A9D1-D470CFF920C5}.Debug|Any CPU.ActiveCfg = Debug|Any CPU
		{36A04FDA-9045-40E3-A9D1-D470CFF920C5}.Debug|Any CPU.Build.0 = Debug|Any CPU
		{36A04FDA-9045-40E3-A9D1-D470CFF920C5}.Debug|Any CPU.Deploy.0 = Debug|Any CPU
		{36A04FDA-9045-40E3-A9D1-D470CFF920C5}.Debug|ARM.ActiveCfg = Debug|ARM
		{36A04FDA-9045-40E3-A9D1-D470CFF920C5}.Debug|ARM.Build.0 = Debug|ARM
		{36A04FDA-9045-40E3-A9D1-D470CFF920C5}.Debug|ARM.Deploy.0 = Debug|ARM
		{36A04FDA-9045-40E3-A9D1-D470CFF920C5}.Debug|ARM64.ActiveCfg = Debug|ARM64
		{36A04FDA-9045-40E3-A9D1-D470CFF920C5}.Debug|ARM64.Build.0 = Debug|ARM64
		{36A04FDA-9045-40E3-A9D1-D470CFF920C5}.Debug|ARM64.Deploy.0 = Debug|ARM64
		{36A04FDA-9045-40E3-A9D1-D470CFF920C5}.Debug|x64.ActiveCfg = Debug|x64
		{36A04FDA-9045-40E3-A9D1-D470CFF920C5}.Debug|x64.Build.0 = Debug|x64
		{36A04FDA-9045-40E3-A9D1-D470CFF920C5}.Debug|x64.Deploy.0 = Debug|x64
		{36A04FDA-9045-40E3-A9D1-D470CFF920C5}.Debug|x86.ActiveCfg = Debug|x86
		{36A04FDA-9045-40E3-A9D1-D470CFF920C5}.Debug|x86.Build.0 = Debug|x86
		{36A04FDA-9045-40E3-A9D1-D470CFF920C5}.Debug|x86.Deploy.0 = Debug|x86
		{36A04FDA-9045-40E3-A9D1-D470CFF920C5}.Release|Any CPU.ActiveCfg = Release|Any CPU
		{36A04FDA-9045-40E3-A9D1-D470CFF920C5}.Release|Any CPU.Build.0 = Release|Any CPU
		{36A04FDA-9045-40E3-A9D1-D470CFF920C5}.Release|Any CPU.Deploy.0 = Release|Any CPU
		{36A04FDA-9045-40E3-A9D1-D470CFF920C5}.Release|ARM.ActiveCfg = Release|ARM
		{36A04FDA-9045-40E3-A9D1-D470CFF920C5}.Release|ARM.Build.0 = Release|ARM
		{36A04FDA-9045-40E3-A9D1-D470CFF920C5}.Release|ARM.Deploy.0 = Release|ARM
		{36A04FDA-9045-40E3-A9D1-D470CFF920C5}.Release|ARM64.ActiveCfg = Release|ARM64
		{36A04FDA-9045-40E3-A9D1-D470CFF920C5}.Release|ARM64.Build.0 = Release|ARM64
		{36A04FDA-9045-40E3-A9D1-D470CFF920C5}.Release|ARM64.Deploy.0 = Release|ARM64
		{36A04FDA-9045-40E3-A9D1-D470CFF920C5}.Release|x64.ActiveCfg = Release|x64
		{36A04FDA-9045-40E3-A9D1-D470CFF920C5}.Release|x64.Build.0 = Release|x64
		{36A04FDA-9045-40E3-A9D1-D470CFF920C5}.Release|x64.Deploy.0 = Release|x64
		{36A04FDA-9045-40E3-A9D1-D470CFF920C5}.Release|x86.ActiveCfg = Release|x86
		{36A04FDA-9045-40E3-A9D1-D470CFF920C5}.Release|x86.Build.0 = Release|x86
		{36A04FDA-9045-40E3-A9D1-D470CFF920C5}.Release|x86.Deploy.0 = Release|x86
		{87E839FC-BEB1-4418-BFE8-D0587E25CDFD}.Debug|Any CPU.ActiveCfg = Debug|Any CPU
		{87E839FC-BEB1-4418-BFE8-D0587E25CDFD}.Debug|Any CPU.Build.0 = Debug|Any CPU
		{87E839FC-BEB1-4418-BFE8-D0587E25CDFD}.Debug|ARM.ActiveCfg = Debug|Any CPU
		{87E839FC-BEB1-4418-BFE8-D0587E25CDFD}.Debug|ARM.Build.0 = Debug|Any CPU
		{87E839FC-BEB1-4418-BFE8-D0587E25CDFD}.Debug|ARM64.ActiveCfg = Debug|Any CPU
		{87E839FC-BEB1-4418-BFE8-D0587E25CDFD}.Debug|ARM64.Build.0 = Debug|Any CPU
		{87E839FC-BEB1-4418-BFE8-D0587E25CDFD}.Debug|x64.ActiveCfg = Debug|Any CPU
		{87E839FC-BEB1-4418-BFE8-D0587E25CDFD}.Debug|x64.Build.0 = Debug|Any CPU
		{87E839FC-BEB1-4418-BFE8-D0587E25CDFD}.Debug|x86.ActiveCfg = Debug|Any CPU
		{87E839FC-BEB1-4418-BFE8-D0587E25CDFD}.Debug|x86.Build.0 = Debug|Any CPU
		{87E839FC-BEB1-4418-BFE8-D0587E25CDFD}.Release|Any CPU.ActiveCfg = Release|Any CPU
		{87E839FC-BEB1-4418-BFE8-D0587E25CDFD}.Release|Any CPU.Build.0 = Release|Any CPU
		{87E839FC-BEB1-4418-BFE8-D0587E25CDFD}.Release|ARM.ActiveCfg = Release|Any CPU
		{87E839FC-BEB1-4418-BFE8-D0587E25CDFD}.Release|ARM.Build.0 = Release|Any CPU
		{87E839FC-BEB1-4418-BFE8-D0587E25CDFD}.Release|ARM64.ActiveCfg = Release|Any CPU
		{87E839FC-BEB1-4418-BFE8-D0587E25CDFD}.Release|ARM64.Build.0 = Release|Any CPU
		{87E839FC-BEB1-4418-BFE8-D0587E25CDFD}.Release|x64.ActiveCfg = Release|Any CPU
		{87E839FC-BEB1-4418-BFE8-D0587E25CDFD}.Release|x64.Build.0 = Release|Any CPU
		{87E839FC-BEB1-4418-BFE8-D0587E25CDFD}.Release|x86.ActiveCfg = Release|Any CPU
		{87E839FC-BEB1-4418-BFE8-D0587E25CDFD}.Release|x86.Build.0 = Release|Any CPU
	EndGlobalSection
	GlobalSection(SolutionProperties) = preSolution
		HideSolutionNode = FALSE
	EndGlobalSection
	GlobalSection(ExtensibilityGlobals) = postSolution
		SolutionGuid = {35441020-82A5-4E30-8B3B-F80AF30D7AC3}
	EndGlobalSection
EndGlobal
